github.com/cheggaaa/pb v1.0.29 h1:FckUN5ngEk2LpvuG0fw1GEFx6LtyY2pWI/Z2QgCnEYo=
github.com/cheggaaa/pb v1.0.29/go.mod h1:W40334L7FMC5JKWldsTWbdGjLo0RxUKK73K+TuPxX30=
github.com/fatih/color v1.9.0 h1:8xPHl4/q1VyqGIPif1F+1V3Y3lSmrq01EabUW3CoW5s=
github.com/fatih/color v1.9.0/go.mod h1:eQcE1qtQxscV5RaZvpXrrb8Drkc3/DdQ+uUYCNjL+zU=
github.com/hornbill/color v0.0.0-20160224221155-4f7bcef27eec h1:AUmaJ3y02otM3vjxEJTRZnQq1pnXKIxeIRt7kfeGB5Y=
github.com/hornbill/color v0.0.0-20160224221155-4f7bcef27eec/go.mod h1:gUJp2IQ2Vl5ct+4uOBj5uvqRHB9erft9Nbchrdr/vVc=
github.com/hornbill/goApiLib v0.0.0-20210702135347-bcef2b442dbc h1:8MaZBmb1wbfaYP+S6Hm6vDLxnlnfJcsRN8t5RdA+W6I=
github.com/hornbill/goApiLib v0.0.0-20210702135347-bcef2b442dbc/go.mod h1:CbxTQVBE4NWPfLP2+d9TWZk7luhH6ZyDK1UHlvzvxPs=
github.com/hornbill/goHornbillHelpers v0.0.0-20190110171921-6d8d037ec1e8 h1:fjgIfY8P/v8ZvSC4VctbwGZx7JkTL13OoxHG/wgcbTE=
github.com/hornbill/goHornbillHelpers v0.0.0-20190110171921-6d8d037ec1e8/go.mod h1:EXurYUZwP4QD99G56n+3QA/gXA4rKI+d8G1oH1WksGg=
github.com/mattn/go-colorable v0.1.4 h1:snbPLB8fVfU9iwbbo30TPtbLRzwWu6aJS6Xh4eaaviA=
github.com/mattn/go-colorable v0.1.4/go.mod h1:U0ppj6V5qS13XJ6of8GYAs25YV2eR4EVcfRqFIhoBtE=
github.com/mattn/go-isatty v0.0.8/go.mod h1:Iq45c/XA43vh69/j3iqttzPXn0bhXyGjM0Hdxcsrc5s=
github.com/mattn/go-isatty v0.0.11 h1:FxPOTFNqGkuDUGi3H/qkUbQO4ZiBa2brKq5r0l8TGeM=
github.com/mattn/go-isatty v0.0.11/go.mod h1:PhnuNfih5lzO57/f3n+odYbM4JtupLOxQOAqxQCu2WE=
github.com/mattn/go-runewidth v0.0.4 h1:2BvfKmzob6Bmd4YsL0zygOqfdFnK7GR4QL06Do4/p7Y=
github.com/mattn/go-runewidth v0.0.4/go.mod h1:LwmH8dsx7+W8Uxz3IHJYH5QSwggIsqBzpuz5H//U1FU=
golang.org/x/sys v0.0.0-20190222072716-a9d3bda3a223/go.mod h1:STP8DvDyc/dI5b8T5hshtkjS+E42TnysNCUPdjciGhY=
golang.org/x/sys v0.0.0-20191026070338-33540a1f6037 h1:YyJpGZS1sBuBCzLAR1VEpK193GlqGZbnPFnPV/5Rsb4=
golang.org/x/sys v0.0.0-20191026070338-33540a1f6037/go.mod h1:h1NjWce9XRLGQEsW7wpKNCjG9DtNlClVuFLEZdDNbEs=
